<?xml version="1.0" encoding="UTF-8" standalone="yes" ?>
<CodeBlocks_project_file>
	<FileVersion major="1" minor="6" />
	<Project>
		<Option title="FirstPlugin" />
		<Option pch_mode="2" />
		<Option compiler="gcc" />
		<Build>
			<Target title="Debug">
				<Option platforms="Windows;Unix;" />
				<Option output="../Plugins/FirstPlugin" prefix_auto="0" extension_auto="1" />
				<Option type="3" />
				<Option compiler="gcc" />
				<Option createStaticLib="1" />
				<Compiler>
					<Add option="-pedantic" />
					<Add option="-W" />
					<Add option="-Wall" />
					<Add option="-g" />
					<Add option="-fPIC -fno-common -no-cpp-precomp -flat_namespace" />
					<Add directory="../../pluginTest" />
				</Compiler>
				<Linker>
					<Add directory="../../pluginTest" />
				</Linker>
			</Target>
			<Target title="Release">
				<Option platforms="Windows;Unix;" />
				<Option output="../Plugins/FirstPlugin" prefix_auto="0" extension_auto="1" />
				<Option type="3" />
				<Option compiler="gcc" />
				<Option createStaticLib="1" />
				<Compiler>
					<Add option="-fexpensive-optimizations" />
					<Add option="-Os" />
					<Add option="-O3" />
					<Add option="-fPIC -fno-common -no-cpp-precomp -flat_namespace" />
					<Add directory="../../pluginTest" />
				</Compiler>
				<Linker>
					<Add option="-s" />
					<Add directory="../../pluginTest" />
				</Linker>
			</Target>
			<Target title="Debug_MacOSX">
				<Option platforms="Mac;" />
				<Option output="../Plugins/FirstPlugin" prefix_auto="0" extension_auto="1" />
				<Option type="3" />
				<Option compiler="gcc" />
				<Option createStaticLib="1" />
				<Compiler>
					<Add option="-pedantic" />
					<Add option="-W" />
					<Add option="-Wall" />
					<Add option="-g" />
					<Add option="-fPIC -fno-common -no-cpp-precomp -flat_namespace" />
					<Add directory="../../pluginTest" />
				</Compiler>
				<Linker>
					<Add option="-bundle -flat_namespace -undefined suppress" />
					<Add directory="../../pluginTest" />
				</Linker>
			</Target>
			<Target title="Release_MacOSX">
				<Option output="../Plugins/FirstPlugin" prefix_auto="0" extension_auto="1" />
				<Option type="3" />
				<Option compiler="gcc" />
				<Option createStaticLib="1" />
				<Compiler>
					<Add option="-fexpensive-optimizations" />
					<Add option="-Os" />
					<Add option="-O3" />
					<Add option="-fPIC -fno-common -no-cpp-precomp -flat_namespace" />
					<Add directory="../../pluginTest" />
				</Compiler>
				<Linker>
					<Add option="-s" />
					<Add option="-bundle -flat_namespace -undefined suppress" />
					<Add directory="../../pluginTest" />
				</Linker>
			</Target>
		</Build>
		<Compiler>
			<Add option="-Wall" />
			<Add option="-g" />
			<Add option="-fvisibility=default" />
		</Compiler>
		<Unit filename="FirstPlugin.cpp" />
		<Unit filename="FirstPlugin.h">
			<Option compile="1" />
			<Option link="1" />
			<Option target="&lt;{~None~}&gt;" />
		</Unit>
		<Unit filename="../TrinitasPlugin.h" />
		<Extensions>
			<code_completion />
			<envvars />
			<debugger />
		</Extensions>
	</Project>
</CodeBlocks_project_file>
